
Microsoft Visual Studio Solution File, Format Version 12.00
# Visual Studio 15
VisualStudioVersion = 15.0.26124.0
MinimumVisualStudioVersion = 15.0.26124.0
Project("{2150E333-8FDC-42A3-9474-1A3956D46DE8}") = "src", "src", "{1FBC6F3C-7AA4-4FA6-A020-A5F051D8CA01}"
EndProject
Project("{FAE04EC0-301F-11D3-BF4B-00C04F79EFBC}") = "Examples.EFCore.DIY", "src\Examples.EFCore.DIY\Examples.EFCore.DIY.csproj", "{FCD35F79-C357-48D9-8A1F-14718BE08217}"
EndProject
Global
	GlobalSection(SolutionConfigurationPlatforms) = preSolution
		Debug|Any CPU = Debug|Any CPU
		Debug|x64 = Debug|x64
		Debug|x86 = Debug|x86
		Release|Any CPU = Release|Any CPU
		Release|x64 = Release|x64
		Release|x86 = Release|x86
	EndGlobalSection
	GlobalSection(SolutionProperties) = preSolution
		HideSolutionNode = FALSE
	EndGlobalSection
	GlobalSection(ProjectConfigurationPlatforms) = postSolution
		{FCD35F79-C357-48D9-8A1F-14718BE08217}.Debug|Any CPU.ActiveCfg = Debug|Any CPU
		{FCD35F79-C357-48D9-8A1F-14718BE08217}.Debug|Any CPU.Build.0 = Debug|Any CPU
		{FCD35F79-C357-48D9-8A1F-14718BE08217}.Debug|x64.ActiveCfg = Debug|Any CPU
		{FCD35F79-C357-48D9-8A1F-14718BE08217}.Debug|x64.Build.0 = Debug|Any CPU
		{FCD35F79-C357-48D9-8A1F-14718BE08217}.Debug|x86.ActiveCfg = Debug|Any CPU
		{FCD35F79-C357-48D9-8A1F-14718BE08217}.Debug|x86.Build.0 = Debug|Any CPU
		{FCD35F79-C357-48D9-8A1F-14718BE08217}.Release|Any CPU.ActiveCfg = Release|Any CPU
		{FCD35F79-C357-48D9-8A1F-14718BE08217}.Release|Any CPU.Build.0 = Release|Any CPU
		{FCD35F79-C357-48D9-8A1F-14718BE08217}.Release|x64.ActiveCfg = Release|Any CPU
		{FCD35F79-C357-48D9-8A1F-14718BE08217}.Release|x64.Build.0 = Release|Any CPU
		{FCD35F79-C357-48D9-8A1F-14718BE08217}.Release|x86.ActiveCfg = Release|Any CPU
		{FCD35F79-C357-48D9-8A1F-14718BE08217}.Release|x86.Build.0 = Release|Any CPU
	EndGlobalSection
	GlobalSection(NestedProjects) = preSolution
		{FCD35F79-C357-48D9-8A1F-14718BE08217} = {1FBC6F3C-7AA4-4FA6-A020-A5F051D8CA01}
	EndGlobalSection
EndGlobal
