
Microsoft Visual Studio Solution File, Format Version 12.00
# Visual Studio Version 16
VisualStudioVersion = 16.0.30011.22
MinimumVisualStudioVersion = 15.0.26124.0
Project("{2150E333-8FDC-42A3-9474-1A3956D46DE8}") = "src", "src", "{1FBC6F3C-7AA4-4FA6-A020-A5F051D8CA01}"
EndProject
Project("{9A19103F-16F7-4668-BE54-9A1E7A4F7556}") = "Examples.EFCore.DIY", "src\Examples.EFCore.DIY\Examples.EFCore.DIY.csproj", "{FCD35F79-C357-48D9-8A1F-14718BE08217}"
EndProject
Project("{9A19103F-16F7-4668-BE54-9A1E7A4F7556}") = "Examples.EFCore.Complete", "src\Examples.EFCore.Complete\Examples.EFCore.Complete.csproj", "{FED0B218-BD88-4A84-8569-9F6ED5382E2B}"
EndProject
Project("{9A19103F-16F7-4668-BE54-9A1E7A4F7556}") = "Examples.EFCore.Vendor", "src\Examples.EFCore.Vendor\Examples.EFCore.Vendor.csproj", "{70A53CF9-45D3-4F43-8A7A-EEA56F38E63D}"
EndProject
Project("{2150E333-8FDC-42A3-9474-1A3956D46DE8}") = "Solution Items", "Solution Items", "{E331BFAA-2E2C-4A6A-BB07-B66D124783B6}"
	ProjectSection(SolutionItems) = preProject
		.editorconfig = .editorconfig
	EndProjectSection
EndProject
Global
	GlobalSection(SolutionConfigurationPlatforms) = preSolution
		Debug|Any CPU = Debug|Any CPU
		Debug|x64 = Debug|x64
		Debug|x86 = Debug|x86
		Release|Any CPU = Release|Any CPU
		Release|x64 = Release|x64
		Release|x86 = Release|x86
	EndGlobalSection
	GlobalSection(ProjectConfigurationPlatforms) = postSolution
		{FCD35F79-C357-48D9-8A1F-14718BE08217}.Debug|Any CPU.ActiveCfg = Debug|Any CPU
		{FCD35F79-C357-48D9-8A1F-14718BE08217}.Debug|Any CPU.Build.0 = Debug|Any CPU
		{FCD35F79-C357-48D9-8A1F-14718BE08217}.Debug|x64.ActiveCfg = Debug|Any CPU
		{FCD35F79-C357-48D9-8A1F-14718BE08217}.Debug|x64.Build.0 = Debug|Any CPU
		{FCD35F79-C357-48D9-8A1F-14718BE08217}.Debug|x86.ActiveCfg = Debug|Any CPU
		{FCD35F79-C357-48D9-8A1F-14718BE08217}.Debug|x86.Build.0 = Debug|Any CPU
		{FCD35F79-C357-48D9-8A1F-14718BE08217}.Release|Any CPU.ActiveCfg = Release|Any CPU
		{FCD35F79-C357-48D9-8A1F-14718BE08217}.Release|Any CPU.Build.0 = Release|Any CPU
		{FCD35F79-C357-48D9-8A1F-14718BE08217}.Release|x64.ActiveCfg = Release|Any CPU
		{FCD35F79-C357-48D9-8A1F-14718BE08217}.Release|x64.Build.0 = Release|Any CPU
		{FCD35F79-C357-48D9-8A1F-14718BE08217}.Release|x86.ActiveCfg = Release|Any CPU
		{FCD35F79-C357-48D9-8A1F-14718BE08217}.Release|x86.Build.0 = Release|Any CPU
		{FED0B218-BD88-4A84-8569-9F6ED5382E2B}.Debug|Any CPU.ActiveCfg = Debug|Any CPU
		{FED0B218-BD88-4A84-8569-9F6ED5382E2B}.Debug|Any CPU.Build.0 = Debug|Any CPU
		{FED0B218-BD88-4A84-8569-9F6ED5382E2B}.Debug|x64.ActiveCfg = Debug|Any CPU
		{FED0B218-BD88-4A84-8569-9F6ED5382E2B}.Debug|x64.Build.0 = Debug|Any CPU
		{FED0B218-BD88-4A84-8569-9F6ED5382E2B}.Debug|x86.ActiveCfg = Debug|Any CPU
		{FED0B218-BD88-4A84-8569-9F6ED5382E2B}.Debug|x86.Build.0 = Debug|Any CPU
		{FED0B218-BD88-4A84-8569-9F6ED5382E2B}.Release|Any CPU.ActiveCfg = Release|Any CPU
		{FED0B218-BD88-4A84-8569-9F6ED5382E2B}.Release|Any CPU.Build.0 = Release|Any CPU
		{FED0B218-BD88-4A84-8569-9F6ED5382E2B}.Release|x64.ActiveCfg = Release|Any CPU
		{FED0B218-BD88-4A84-8569-9F6ED5382E2B}.Release|x64.Build.0 = Release|Any CPU
		{FED0B218-BD88-4A84-8569-9F6ED5382E2B}.Release|x86.ActiveCfg = Release|Any CPU
		{FED0B218-BD88-4A84-8569-9F6ED5382E2B}.Release|x86.Build.0 = Release|Any CPU
		{70A53CF9-45D3-4F43-8A7A-EEA56F38E63D}.Debug|Any CPU.ActiveCfg = Debug|Any CPU
		{70A53CF9-45D3-4F43-8A7A-EEA56F38E63D}.Debug|Any CPU.Build.0 = Debug|Any CPU
		{70A53CF9-45D3-4F43-8A7A-EEA56F38E63D}.Debug|x64.ActiveCfg = Debug|Any CPU
		{70A53CF9-45D3-4F43-8A7A-EEA56F38E63D}.Debug|x64.Build.0 = Debug|Any CPU
		{70A53CF9-45D3-4F43-8A7A-EEA56F38E63D}.Debug|x86.ActiveCfg = Debug|Any CPU
		{70A53CF9-45D3-4F43-8A7A-EEA56F38E63D}.Debug|x86.Build.0 = Debug|Any CPU
		{70A53CF9-45D3-4F43-8A7A-EEA56F38E63D}.Release|Any CPU.ActiveCfg = Release|Any CPU
		{70A53CF9-45D3-4F43-8A7A-EEA56F38E63D}.Release|Any CPU.Build.0 = Release|Any CPU
		{70A53CF9-45D3-4F43-8A7A-EEA56F38E63D}.Release|x64.ActiveCfg = Release|Any CPU
		{70A53CF9-45D3-4F43-8A7A-EEA56F38E63D}.Release|x64.Build.0 = Release|Any CPU
		{70A53CF9-45D3-4F43-8A7A-EEA56F38E63D}.Release|x86.ActiveCfg = Release|Any CPU
		{70A53CF9-45D3-4F43-8A7A-EEA56F38E63D}.Release|x86.Build.0 = Release|Any CPU
	EndGlobalSection
	GlobalSection(SolutionProperties) = preSolution
		HideSolutionNode = FALSE
	EndGlobalSection
	GlobalSection(NestedProjects) = preSolution
		{FCD35F79-C357-48D9-8A1F-14718BE08217} = {1FBC6F3C-7AA4-4FA6-A020-A5F051D8CA01}
		{FED0B218-BD88-4A84-8569-9F6ED5382E2B} = {1FBC6F3C-7AA4-4FA6-A020-A5F051D8CA01}
		{70A53CF9-45D3-4F43-8A7A-EEA56F38E63D} = {1FBC6F3C-7AA4-4FA6-A020-A5F051D8CA01}
	EndGlobalSection
	GlobalSection(ExtensibilityGlobals) = postSolution
		SolutionGuid = {4E8ADC6C-43A4-4FC5-A78F-877157F17BD8}
	EndGlobalSection
EndGlobal
